
Microsoft Visual Studio Solution File, Format Version 12.00
# Visual Studio 15
VisualStudioVersion = 15.0.28010.2041
MinimumVisualStudioVersion = 10.0.40219.1
Project("{8BC9CEB8-8B4A-11D0-8D11-00A0C91BC942}") = "2.97", "2.97\2.97.vcxproj", "{5AF97458-CAEE-4795-B6F8-841A4F906BFA}"
EndProject
Global
	GlobalSection(SolutionConfigurationPlatforms) = preSolution
		Debug|x64 = Debug|x64
		Debug|x86 = Debug|x86
		Release|x64 = Release|x64
		Release|x86 = Release|x86
	EndGlobalSection
	GlobalSection(ProjectConfigurationPlatforms) = postSolution
		{5AF97458-CAEE-4795-B6F8-841A4F906BFA}.Debug|x64.ActiveCfg = Debug|x64
		{5AF97458-CAEE-4795-B6F8-841A4F906BFA}.Debug|x64.Build.0 = Debug|x64
		{5AF97458-CAEE-4795-B6F8-841A4F906BFA}.Debug|x86.ActiveCfg = Debug|Win32
		{5AF97458-CAEE-4795-B6F8-841A4F906BFA}.Debug|x86.Build.0 = Debug|Win32
		{5AF97458-CAEE-4795-B6F8-841A4F906BFA}.Release|x64.ActiveCfg = Release|x64
		{5AF97458-CAEE-4795-B6F8-841A4F906BFA}.Release|x64.Build.0 = Release|x64
		{5AF97458-CAEE-4795-B6F8-841A4F906BFA}.Release|x86.ActiveCfg = Release|Win32
		{5AF97458-CAEE-4795-B6F8-841A4F906BFA}.Release|x86.Build.0 = Release|Win32
	EndGlobalSection
	GlobalSection(SolutionProperties) = preSolution
		HideSolutionNode = FALSE
	EndGlobalSection
	GlobalSection(ExtensibilityGlobals) = postSolution
		SolutionGuid = {7FB31AC9-2A2D-49BC-9B00-E6F368D723CE}
	EndGlobalSection
EndGlobal
